// !$*UTF8*$!
{
	archiveVersion = 1;
	classes = {
	};
	objectVersion = 50;
	objects = {

/* Begin PBXBuildFile section */
		873FC11C2235FC21008C7AB5 /* MultipeerKit.h in Headers */ = {isa = PBXBuildFile; fileRef = 873FC11A2235FC21008C7AB5 /* MultipeerKit.h */; settings = {ATTRIBUTES = (Public, ); }; };
		873FC1242235FC68008C7AB5 /* MCSessionManager.swift in Sources */ = {isa = PBXBuildFile; fileRef = 873FC1232235FC68008C7AB5 /* MCSessionManager.swift */; };
		873FC1262235FC91008C7AB5 /* AdvertisingModel.swift in Sources */ = {isa = PBXBuildFile; fileRef = 873FC1252235FC91008C7AB5 /* AdvertisingModel.swift */; };
		873FC1282235FCA2008C7AB5 /* BrowserModel.swift in Sources */ = {isa = PBXBuildFile; fileRef = 873FC1272235FCA2008C7AB5 /* BrowserModel.swift */; };
		873FC12A2235FD3F008C7AB5 /* MultipeerProtocols.swift in Sources */ = {isa = PBXBuildFile; fileRef = 873FC1292235FD3F008C7AB5 /* MultipeerProtocols.swift */; };
		873FC12E2235FDBC008C7AB5 /* utils.swift in Sources */ = {isa = PBXBuildFile; fileRef = 873FC12D2235FDBC008C7AB5 /* utils.swift */; };
		873FC1312235FECF008C7AB5 /* McSessionStreamHelper.swift in Sources */ = {isa = PBXBuildFile; fileRef = 873FC1302235FECF008C7AB5 /* McSessionStreamHelper.swift */; };
		873FC1332235FF30008C7AB5 /* MCPeerID+.swift in Sources */ = {isa = PBXBuildFile; fileRef = 873FC1322235FF30008C7AB5 /* MCPeerID+.swift */; };
		873FC1352235FFF5008C7AB5 /* NSObject+.swift in Sources */ = {isa = PBXBuildFile; fileRef = 873FC1342235FFF5008C7AB5 /* NSObject+.swift */; };
		873FC13722360052008C7AB5 /* RandomGenerater.swift in Sources */ = {isa = PBXBuildFile; fileRef = 873FC13622360052008C7AB5 /* RandomGenerater.swift */; };
		873FC1392236008D008C7AB5 /* TimerManager.swift in Sources */ = {isa = PBXBuildFile; fileRef = 873FC1382236008D008C7AB5 /* TimerManager.swift */; };
		873FC1402236013F008C7AB5 /* CameraProtocols.swift in Sources */ = {isa = PBXBuildFile; fileRef = 873FC13F2236013F008C7AB5 /* CameraProtocols.swift */; };
		873FC1422236018D008C7AB5 /* SampleBufferCamera.swift in Sources */ = {isa = PBXBuildFile; fileRef = 873FC1412236018D008C7AB5 /* SampleBufferCamera.swift */; };
		873FC144223602F8008C7AB5 /* DataReader.swift in Sources */ = {isa = PBXBuildFile; fileRef = 873FC143223602F8008C7AB5 /* DataReader.swift */; };
		873FC14622360358008C7AB5 /* AudioDataConverter.swift in Sources */ = {isa = PBXBuildFile; fileRef = 873FC14522360358008C7AB5 /* AudioDataConverter.swift */; };
		873FC1482236036A008C7AB5 /* AudioCaptureModel.swift in Sources */ = {isa = PBXBuildFile; fileRef = 873FC1472236036A008C7AB5 /* AudioCaptureModel.swift */; };
		873FC14A2236037F008C7AB5 /* AudioPlayer.swift in Sources */ = {isa = PBXBuildFile; fileRef = 873FC1492236037F008C7AB5 /* AudioPlayer.swift */; };
		873FC14C22360412008C7AB5 /* MediaPresenter.swift in Sources */ = {isa = PBXBuildFile; fileRef = 873FC14B22360412008C7AB5 /* MediaPresenter.swift */; };
		873FC14F22360494008C7AB5 /* LivePresenter.swift in Sources */ = {isa = PBXBuildFile; fileRef = 873FC14E22360494008C7AB5 /* LivePresenter.swift */; };
		873FC170223607D7008C7AB5 /* VideoDataConverter.swift in Sources */ = {isa = PBXBuildFile; fileRef = 873FC16F223607D7008C7AB5 /* VideoDataConverter.swift */; };
		87593675223CA74700AF47AF /* PeerIDHelper.swift in Sources */ = {isa = PBXBuildFile; fileRef = 87593674223CA74700AF47AF /* PeerIDHelper.swift */; };
		87C214A222366243001E1FA2 /* MultipeerLiveKit.framework in Frameworks */ = {isa = PBXBuildFile; fileRef = 873FC1172235FC21008C7AB5 /* MultipeerLiveKit.framework */; };
		87C214AC22366D83001E1FA2 /* utils.swift in Sources */ = {isa = PBXBuildFile; fileRef = 873FC12D2235FDBC008C7AB5 /* utils.swift */; };
		87D9F4C12244846400165950 /* MCSessionManagerTester.swift in Sources */ = {isa = PBXBuildFile; fileRef = 87C214A9223666C6001E1FA2 /* MCSessionManagerTester.swift */; };
		87D9F4C422448A1C00165950 /* SessionHelper.swift in Sources */ = {isa = PBXBuildFile; fileRef = 87D9F4C322448A1C00165950 /* SessionHelper.swift */; };
		87D9F4C62244995A00165950 /* MultipeerLiveKitTests.swift in Sources */ = {isa = PBXBuildFile; fileRef = 87C2149F22366243001E1FA2 /* MultipeerLiveKitTests.swift */; };
		87ED8B182236BB1A00251B71 /* AudioProtocols.swift in Sources */ = {isa = PBXBuildFile; fileRef = 87ED8B172236BB1A00251B71 /* AudioProtocols.swift */; };
/* End PBXBuildFile section */

/* Begin PBXContainerItemProxy section */
		87C214A322366243001E1FA2 /* PBXContainerItemProxy */ = {
			isa = PBXContainerItemProxy;
			containerPortal = 873FC10E2235FC21008C7AB5 /* Project object */;
			proxyType = 1;
			remoteGlobalIDString = 873FC1162235FC21008C7AB5;
			remoteInfo = MultipeerKit;
		};
		87D9F4AE2243554300165950 /* PBXContainerItemProxy */ = {
			isa = PBXContainerItemProxy;
			containerPortal = 87D9F4AA2243554300165950 /* MultiPeerLiveKitDemo.xcodeproj */;
			proxyType = 2;
			remoteGlobalIDString = 873FC1592236072C008C7AB5;
			remoteInfo = MultiPeerLiveKitDemo;
		};
/* End PBXContainerItemProxy section */

/* Begin PBXFileReference section */
		873FC1172235FC21008C7AB5 /* MultipeerLiveKit.framework */ = {isa = PBXFileReference; explicitFileType = wrapper.framework; includeInIndex = 0; path = MultipeerLiveKit.framework; sourceTree = BUILT_PRODUCTS_DIR; };
		873FC11A2235FC21008C7AB5 /* MultipeerKit.h */ = {isa = PBXFileReference; lastKnownFileType = sourcecode.c.h; path = MultipeerKit.h; sourceTree = "<group>"; };
		873FC11B2235FC21008C7AB5 /* Info.plist */ = {isa = PBXFileReference; lastKnownFileType = text.plist.xml; path = Info.plist; sourceTree = "<group>"; };
		873FC1232235FC68008C7AB5 /* MCSessionManager.swift */ = {isa = PBXFileReference; lastKnownFileType = sourcecode.swift; path = MCSessionManager.swift; sourceTree = "<group>"; };
		873FC1252235FC91008C7AB5 /* AdvertisingModel.swift */ = {isa = PBXFileReference; lastKnownFileType = sourcecode.swift; path = AdvertisingModel.swift; sourceTree = "<group>"; };
		873FC1272235FCA2008C7AB5 /* BrowserModel.swift */ = {isa = PBXFileReference; lastKnownFileType = sourcecode.swift; path = BrowserModel.swift; sourceTree = "<group>"; };
		873FC1292235FD3F008C7AB5 /* MultipeerProtocols.swift */ = {isa = PBXFileReference; lastKnownFileType = sourcecode.swift; path = MultipeerProtocols.swift; sourceTree = "<group>"; };
		873FC12D2235FDBC008C7AB5 /* utils.swift */ = {isa = PBXFileReference; lastKnownFileType = sourcecode.swift; path = utils.swift; sourceTree = "<group>"; };
		873FC1302235FECF008C7AB5 /* McSessionStreamHelper.swift */ = {isa = PBXFileReference; lastKnownFileType = sourcecode.swift; path = McSessionStreamHelper.swift; sourceTree = "<group>"; };
		873FC1322235FF30008C7AB5 /* MCPeerID+.swift */ = {isa = PBXFileReference; lastKnownFileType = sourcecode.swift; path = "MCPeerID+.swift"; sourceTree = "<group>"; };
		873FC1342235FFF5008C7AB5 /* NSObject+.swift */ = {isa = PBXFileReference; lastKnownFileType = sourcecode.swift; path = "NSObject+.swift"; sourceTree = "<group>"; };
		873FC13622360052008C7AB5 /* RandomGenerater.swift */ = {isa = PBXFileReference; lastKnownFileType = sourcecode.swift; path = RandomGenerater.swift; sourceTree = "<group>"; };
		873FC1382236008D008C7AB5 /* TimerManager.swift */ = {isa = PBXFileReference; lastKnownFileType = sourcecode.swift; path = TimerManager.swift; sourceTree = "<group>"; };
		873FC13F2236013F008C7AB5 /* CameraProtocols.swift */ = {isa = PBXFileReference; lastKnownFileType = sourcecode.swift; path = CameraProtocols.swift; sourceTree = "<group>"; };
		873FC1412236018D008C7AB5 /* SampleBufferCamera.swift */ = {isa = PBXFileReference; lastKnownFileType = sourcecode.swift; path = SampleBufferCamera.swift; sourceTree = "<group>"; };
		873FC143223602F8008C7AB5 /* DataReader.swift */ = {isa = PBXFileReference; lastKnownFileType = sourcecode.swift; path = DataReader.swift; sourceTree = "<group>"; };
		873FC14522360358008C7AB5 /* AudioDataConverter.swift */ = {isa = PBXFileReference; lastKnownFileType = sourcecode.swift; path = AudioDataConverter.swift; sourceTree = "<group>"; };
		873FC1472236036A008C7AB5 /* AudioCaptureModel.swift */ = {isa = PBXFileReference; lastKnownFileType = sourcecode.swift; path = AudioCaptureModel.swift; sourceTree = "<group>"; };
		873FC1492236037F008C7AB5 /* AudioPlayer.swift */ = {isa = PBXFileReference; lastKnownFileType = sourcecode.swift; path = AudioPlayer.swift; sourceTree = "<group>"; };
		873FC14B22360412008C7AB5 /* MediaPresenter.swift */ = {isa = PBXFileReference; lastKnownFileType = sourcecode.swift; path = MediaPresenter.swift; sourceTree = "<group>"; };
		873FC14E22360494008C7AB5 /* LivePresenter.swift */ = {isa = PBXFileReference; lastKnownFileType = sourcecode.swift; path = LivePresenter.swift; sourceTree = "<group>"; };
		873FC16F223607D7008C7AB5 /* VideoDataConverter.swift */ = {isa = PBXFileReference; fileEncoding = 4; lastKnownFileType = sourcecode.swift; path = VideoDataConverter.swift; sourceTree = "<group>"; };
		87593674223CA74700AF47AF /* PeerIDHelper.swift */ = {isa = PBXFileReference; lastKnownFileType = sourcecode.swift; path = PeerIDHelper.swift; sourceTree = "<group>"; };
		87C2149D22366243001E1FA2 /* MultipeerLiveKitTests.xctest */ = {isa = PBXFileReference; explicitFileType = wrapper.cfbundle; includeInIndex = 0; path = MultipeerLiveKitTests.xctest; sourceTree = BUILT_PRODUCTS_DIR; };
		87C2149F22366243001E1FA2 /* MultipeerLiveKitTests.swift */ = {isa = PBXFileReference; lastKnownFileType = sourcecode.swift; path = MultipeerLiveKitTests.swift; sourceTree = "<group>"; };
		87C214A122366243001E1FA2 /* Info.plist */ = {isa = PBXFileReference; lastKnownFileType = text.plist.xml; path = Info.plist; sourceTree = "<group>"; };
		87C214A9223666C6001E1FA2 /* MCSessionManagerTester.swift */ = {isa = PBXFileReference; lastKnownFileType = sourcecode.swift; path = MCSessionManagerTester.swift; sourceTree = "<group>"; };
		87D9F4AA2243554300165950 /* MultiPeerLiveKitDemo.xcodeproj */ = {isa = PBXFileReference; lastKnownFileType = "wrapper.pb-project"; name = MultiPeerLiveKitDemo.xcodeproj; path = Demo/MultiPeerLiveKitDemo.xcodeproj; sourceTree = "<group>"; };
		87D9F4C322448A1C00165950 /* SessionHelper.swift */ = {isa = PBXFileReference; lastKnownFileType = sourcecode.swift; name = SessionHelper.swift; path = MultipeerLiveKit/Sources/Helpers/SessionHelper.swift; sourceTree = SOURCE_ROOT; };
		87ED8B172236BB1A00251B71 /* AudioProtocols.swift */ = {isa = PBXFileReference; lastKnownFileType = sourcecode.swift; path = AudioProtocols.swift; sourceTree = "<group>"; };
/* End PBXFileReference section */

/* Begin PBXFrameworksBuildPhase section */
		873FC1142235FC21008C7AB5 /* Frameworks */ = {
			isa = PBXFrameworksBuildPhase;
			buildActionMask = 2147483647;
			files = (
			);
			runOnlyForDeploymentPostprocessing = 0;
		};
		87C2149A22366243001E1FA2 /* Frameworks */ = {
			isa = PBXFrameworksBuildPhase;
			buildActionMask = 2147483647;
			files = (
				87C214A222366243001E1FA2 /* MultipeerLiveKit.framework in Frameworks */,
			);
			runOnlyForDeploymentPostprocessing = 0;
		};
/* End PBXFrameworksBuildPhase section */

/* Begin PBXGroup section */
		872CFB47223FACE5007CF394 /* Frameworks */ = {
			isa = PBXGroup;
			children = (
			);
			name = Frameworks;
			sourceTree = "<group>";
		};
		873FC10D2235FC21008C7AB5 = {
			isa = PBXGroup;
			children = (
				87D9F4AA2243554300165950 /* MultiPeerLiveKitDemo.xcodeproj */,
				873FC1192235FC21008C7AB5 /* MultipeerLiveKit */,
				87C2149E22366243001E1FA2 /* MultipeerLiveKitTests */,
				873FC1182235FC21008C7AB5 /* Products */,
				872CFB47223FACE5007CF394 /* Frameworks */,
			);
			sourceTree = "<group>";
		};
		873FC1182235FC21008C7AB5 /* Products */ = {
			isa = PBXGroup;
			children = (
				873FC1172235FC21008C7AB5 /* MultipeerLiveKit.framework */,
				87C2149D22366243001E1FA2 /* MultipeerLiveKitTests.xctest */,
			);
			name = Products;
			sourceTree = "<group>";
		};
		873FC1192235FC21008C7AB5 /* MultipeerLiveKit */ = {
			isa = PBXGroup;
			children = (
				873FC16E22360782008C7AB5 /* Sources */,
				873FC11A2235FC21008C7AB5 /* MultipeerKit.h */,
				873FC11B2235FC21008C7AB5 /* Info.plist */,
			);
			path = MultipeerLiveKit;
			sourceTree = "<group>";
		};
		873FC1222235FC42008C7AB5 /* Models */ = {
			isa = PBXGroup;
			children = (
				873FC1232235FC68008C7AB5 /* MCSessionManager.swift */,
				873FC1252235FC91008C7AB5 /* AdvertisingModel.swift */,
				873FC1272235FCA2008C7AB5 /* BrowserModel.swift */,
				873FC1292235FD3F008C7AB5 /* MultipeerProtocols.swift */,
				87D9F4C322448A1C00165950 /* SessionHelper.swift */,
			);
			path = Models;
			sourceTree = "<group>";
		};
		873FC12B2235FD8F008C7AB5 /* Helpers */ = {
			isa = PBXGroup;
			children = (
				87593674223CA74700AF47AF /* PeerIDHelper.swift */,
				873FC1302235FECF008C7AB5 /* McSessionStreamHelper.swift */,
				873FC13622360052008C7AB5 /* RandomGenerater.swift */,
				873FC1382236008D008C7AB5 /* TimerManager.swift */,
				873FC143223602F8008C7AB5 /* DataReader.swift */,
			);
			path = Helpers;
			sourceTree = "<group>";
		};
		873FC12C2235FDA5008C7AB5 /* Utils */ = {
			isa = PBXGroup;
			children = (
				873FC12D2235FDBC008C7AB5 /* utils.swift */,
			);
			path = Utils;
			sourceTree = "<group>";
		};
		873FC12F2235FE21008C7AB5 /* Extensions */ = {
			isa = PBXGroup;
			children = (
				873FC1322235FF30008C7AB5 /* MCPeerID+.swift */,
				873FC1342235FFF5008C7AB5 /* NSObject+.swift */,
			);
			path = Extensions;
			sourceTree = "<group>";
		};
		873FC13A223600BD008C7AB5 /* Media */ = {
			isa = PBXGroup;
			children = (
				873FC13C223600DA008C7AB5 /* Audio */,
				873FC13B223600CE008C7AB5 /* Camera */,
			);
			path = Media;
			sourceTree = "<group>";
		};
		873FC13B223600CE008C7AB5 /* Camera */ = {
			isa = PBXGroup;
			children = (
				873FC13F2236013F008C7AB5 /* CameraProtocols.swift */,
				873FC16F223607D7008C7AB5 /* VideoDataConverter.swift */,
				873FC1412236018D008C7AB5 /* SampleBufferCamera.swift */,
			);
			path = Camera;
			sourceTree = "<group>";
		};
		873FC13C223600DA008C7AB5 /* Audio */ = {
			isa = PBXGroup;
			children = (
				873FC14522360358008C7AB5 /* AudioDataConverter.swift */,
				873FC1472236036A008C7AB5 /* AudioCaptureModel.swift */,
				873FC1492236037F008C7AB5 /* AudioPlayer.swift */,
				87ED8B172236BB1A00251B71 /* AudioProtocols.swift */,
			);
			path = Audio;
			sourceTree = "<group>";
		};
		873FC14D22360483008C7AB5 /* Presenter */ = {
			isa = PBXGroup;
			children = (
				873FC14E22360494008C7AB5 /* LivePresenter.swift */,
				873FC14B22360412008C7AB5 /* MediaPresenter.swift */,
			);
			path = Presenter;
			sourceTree = "<group>";
		};
		873FC16E22360782008C7AB5 /* Sources */ = {
			isa = PBXGroup;
			children = (
				873FC14D22360483008C7AB5 /* Presenter */,
				873FC1222235FC42008C7AB5 /* Models */,
				873FC12B2235FD8F008C7AB5 /* Helpers */,
				873FC13A223600BD008C7AB5 /* Media */,
				873FC12F2235FE21008C7AB5 /* Extensions */,
				873FC12C2235FDA5008C7AB5 /* Utils */,
			);
			path = Sources;
			sourceTree = "<group>";
		};
		87C2149E22366243001E1FA2 /* MultipeerLiveKitTests */ = {
			isa = PBXGroup;
			children = (
				87C2149F22366243001E1FA2 /* MultipeerLiveKitTests.swift */,
				87C214A9223666C6001E1FA2 /* MCSessionManagerTester.swift */,
				87C214A122366243001E1FA2 /* Info.plist */,
			);
			path = MultipeerLiveKitTests;
			sourceTree = "<group>";
		};
		87D9F4AB2243554300165950 /* Products */ = {
			isa = PBXGroup;
			children = (
				87D9F4AF2243554300165950 /* MultiPeerLiveKitDemo.app */,
			);
			name = Products;
			sourceTree = "<group>";
		};
/* End PBXGroup section */

/* Begin PBXHeadersBuildPhase section */
		873FC1122235FC21008C7AB5 /* Headers */ = {
			isa = PBXHeadersBuildPhase;
			buildActionMask = 2147483647;
			files = (
				873FC11C2235FC21008C7AB5 /* MultipeerKit.h in Headers */,
			);
			runOnlyForDeploymentPostprocessing = 0;
		};
/* End PBXHeadersBuildPhase section */

/* Begin PBXNativeTarget section */
		873FC1162235FC21008C7AB5 /* MultipeerLiveKit */ = {
			isa = PBXNativeTarget;
			buildConfigurationList = 873FC11F2235FC21008C7AB5 /* Build configuration list for PBXNativeTarget "MultipeerLiveKit" */;
			buildPhases = (
				873FC1122235FC21008C7AB5 /* Headers */,
				873FC1132235FC21008C7AB5 /* Sources */,
				873FC1142235FC21008C7AB5 /* Frameworks */,
				873FC1152235FC21008C7AB5 /* Resources */,
				87D9F4C02243687D00165950 /* ShellScript */,
			);
			buildRules = (
			);
			dependencies = (
			);
			name = MultipeerLiveKit;
			productName = MultipeerKit;
			productReference = 873FC1172235FC21008C7AB5 /* MultipeerLiveKit.framework */;
			productType = "com.apple.product-type.framework";
		};
		87C2149C22366243001E1FA2 /* MultipeerLiveKitTests */ = {
			isa = PBXNativeTarget;
			buildConfigurationList = 87C214A822366243001E1FA2 /* Build configuration list for PBXNativeTarget "MultipeerLiveKitTests" */;
			buildPhases = (
				87C2149922366243001E1FA2 /* Sources */,
				87C2149A22366243001E1FA2 /* Frameworks */,
				87C2149B22366243001E1FA2 /* Resources */,
			);
			buildRules = (
			);
			dependencies = (
				87C214A422366243001E1FA2 /* PBXTargetDependency */,
			);
			name = MultipeerLiveKitTests;
			productName = MultipeerKitTests;
			productReference = 87C2149D22366243001E1FA2 /* MultipeerLiveKitTests.xctest */;
			productType = "com.apple.product-type.bundle.unit-test";
		};
/* End PBXNativeTarget section */

/* Begin PBXProject section */
		873FC10E2235FC21008C7AB5 /* Project object */ = {
			isa = PBXProject;
			attributes = {
				LastSwiftUpdateCheck = 1010;
				LastUpgradeCheck = 1010;
				ORGANIZATIONNAME = "Takashi Miyazaki";
				TargetAttributes = {
					873FC1162235FC21008C7AB5 = {
						CreatedOnToolsVersion = 10.1;
						LastSwiftMigration = 1010;
					};
					87C2149C22366243001E1FA2 = {
						CreatedOnToolsVersion = 10.1;
					};
				};
			};
			buildConfigurationList = 873FC1112235FC21008C7AB5 /* Build configuration list for PBXProject "MultipeerLiveKit" */;
			compatibilityVersion = "Xcode 9.3";
			developmentRegion = en;
			hasScannedForEncodings = 0;
			knownRegions = (
				en,
			);
			mainGroup = 873FC10D2235FC21008C7AB5;
			productRefGroup = 873FC1182235FC21008C7AB5 /* Products */;
			projectDirPath = "";
			projectReferences = (
				{
					ProductGroup = 87D9F4AB2243554300165950 /* Products */;
					ProjectRef = 87D9F4AA2243554300165950 /* MultiPeerLiveKitDemo.xcodeproj */;
				},
			);
			projectRoot = "";
			targets = (
				873FC1162235FC21008C7AB5 /* MultipeerLiveKit */,
				87C2149C22366243001E1FA2 /* MultipeerLiveKitTests */,
			);
		};
/* End PBXProject section */

/* Begin PBXReferenceProxy section */
		87D9F4AF2243554300165950 /* MultiPeerLiveKitDemo.app */ = {
			isa = PBXReferenceProxy;
			fileType = wrapper.application;
			path = MultiPeerLiveKitDemo.app;
			remoteRef = 87D9F4AE2243554300165950 /* PBXContainerItemProxy */;
			sourceTree = BUILT_PRODUCTS_DIR;
		};
/* End PBXReferenceProxy section */

/* Begin PBXResourcesBuildPhase section */
		873FC1152235FC21008C7AB5 /* Resources */ = {
			isa = PBXResourcesBuildPhase;
			buildActionMask = 2147483647;
			files = (
			);
			runOnlyForDeploymentPostprocessing = 0;
		};
		87C2149B22366243001E1FA2 /* Resources */ = {
			isa = PBXResourcesBuildPhase;
			buildActionMask = 2147483647;
			files = (
			);
			runOnlyForDeploymentPostprocessing = 0;
		};
/* End PBXResourcesBuildPhase section */

/* Begin PBXShellScriptBuildPhase section */
		87D9F4C02243687D00165950 /* ShellScript */ = {
			isa = PBXShellScriptBuildPhase;
			buildActionMask = 2147483647;
			files = (
			);
			inputFileListPaths = (
			);
			inputPaths = (
			);
			outputFileListPaths = (
			);
			outputPaths = (
			);
			runOnlyForDeploymentPostprocessing = 0;
			shellPath = /bin/sh;
			shellScript = "# Type a script or drag a script file from your workspace to insert its path.\n\n";
		};
/* End PBXShellScriptBuildPhase section */

/* Begin PBXSourcesBuildPhase section */
		873FC1132235FC21008C7AB5 /* Sources */ = {
			isa = PBXSourcesBuildPhase;
			buildActionMask = 2147483647;
			files = (
				873FC144223602F8008C7AB5 /* DataReader.swift in Sources */,
				873FC13722360052008C7AB5 /* RandomGenerater.swift in Sources */,
				873FC1392236008D008C7AB5 /* TimerManager.swift in Sources */,
				873FC1422236018D008C7AB5 /* SampleBufferCamera.swift in Sources */,
				873FC1402236013F008C7AB5 /* CameraProtocols.swift in Sources */,
				873FC14C22360412008C7AB5 /* MediaPresenter.swift in Sources */,
				873FC14F22360494008C7AB5 /* LivePresenter.swift in Sources */,
				87593675223CA74700AF47AF /* PeerIDHelper.swift in Sources */,
				87D9F4C422448A1C00165950 /* SessionHelper.swift in Sources */,
				873FC1332235FF30008C7AB5 /* MCPeerID+.swift in Sources */,
				873FC14622360358008C7AB5 /* AudioDataConverter.swift in Sources */,
				873FC170223607D7008C7AB5 /* VideoDataConverter.swift in Sources */,
				87ED8B182236BB1A00251B71 /* AudioProtocols.swift in Sources */,
				873FC1312235FECF008C7AB5 /* McSessionStreamHelper.swift in Sources */,
				873FC1482236036A008C7AB5 /* AudioCaptureModel.swift in Sources */,
				873FC14A2236037F008C7AB5 /* AudioPlayer.swift in Sources */,
				873FC12E2235FDBC008C7AB5 /* utils.swift in Sources */,
				873FC1262235FC91008C7AB5 /* AdvertisingModel.swift in Sources */,
				873FC1282235FCA2008C7AB5 /* BrowserModel.swift in Sources */,
				873FC1242235FC68008C7AB5 /* MCSessionManager.swift in Sources */,
				873FC12A2235FD3F008C7AB5 /* MultipeerProtocols.swift in Sources */,
				873FC1352235FFF5008C7AB5 /* NSObject+.swift in Sources */,
			);
			runOnlyForDeploymentPostprocessing = 0;
		};
		87C2149922366243001E1FA2 /* Sources */ = {
			isa = PBXSourcesBuildPhase;
			buildActionMask = 2147483647;
			files = (
				87D9F4C12244846400165950 /* MCSessionManagerTester.swift in Sources */,
				87C214AC22366D83001E1FA2 /* utils.swift in Sources */,
				87D9F4C62244995A00165950 /* MultipeerLiveKitTests.swift in Sources */,
			);
			runOnlyForDeploymentPostprocessing = 0;
		};
/* End PBXSourcesBuildPhase section */

/* Begin PBXTargetDependency section */
		87C214A422366243001E1FA2 /* PBXTargetDependency */ = {
			isa = PBXTargetDependency;
			target = 873FC1162235FC21008C7AB5 /* MultipeerLiveKit */;
			targetProxy = 87C214A322366243001E1FA2 /* PBXContainerItemProxy */;
		};
/* End PBXTargetDependency section */

/* Begin XCBuildConfiguration section */
		873FC11D2235FC21008C7AB5 /* Debug */ = {
			isa = XCBuildConfiguration;
			buildSettings = {
				ALWAYS_SEARCH_USER_PATHS = NO;
				CLANG_ANALYZER_NONNULL = YES;
				CLANG_ANALYZER_NUMBER_OBJECT_CONVERSION = YES_AGGRESSIVE;
				CLANG_CXX_LANGUAGE_STANDARD = "gnu++14";
				CLANG_CXX_LIBRARY = "libc++";
				CLANG_ENABLE_MODULES = YES;
				CLANG_ENABLE_OBJC_ARC = YES;
				CLANG_ENABLE_OBJC_WEAK = YES;
				CLANG_WARN_BLOCK_CAPTURE_AUTORELEASING = YES;
				CLANG_WARN_BOOL_CONVERSION = YES;
				CLANG_WARN_COMMA = YES;
				CLANG_WARN_CONSTANT_CONVERSION = YES;
				CLANG_WARN_DEPRECATED_OBJC_IMPLEMENTATIONS = YES;
				CLANG_WARN_DIRECT_OBJC_ISA_USAGE = YES_ERROR;
				CLANG_WARN_DOCUMENTATION_COMMENTS = YES;
				CLANG_WARN_EMPTY_BODY = YES;
				CLANG_WARN_ENUM_CONVERSION = YES;
				CLANG_WARN_INFINITE_RECURSION = YES;
				CLANG_WARN_INT_CONVERSION = YES;
				CLANG_WARN_NON_LITERAL_NULL_CONVERSION = YES;
				CLANG_WARN_OBJC_IMPLICIT_RETAIN_SELF = YES;
				CLANG_WARN_OBJC_LITERAL_CONVERSION = YES;
				CLANG_WARN_OBJC_ROOT_CLASS = YES_ERROR;
				CLANG_WARN_RANGE_LOOP_ANALYSIS = YES;
				CLANG_WARN_STRICT_PROTOTYPES = YES;
				CLANG_WARN_SUSPICIOUS_MOVE = YES;
				CLANG_WARN_UNGUARDED_AVAILABILITY = YES_AGGRESSIVE;
				CLANG_WARN_UNREACHABLE_CODE = YES;
				CLANG_WARN__DUPLICATE_METHOD_MATCH = YES;
				CODE_SIGN_IDENTITY = "iPhone Developer";
				COPY_PHASE_STRIP = NO;
				CURRENT_PROJECT_VERSION = 1;
				DEBUG_INFORMATION_FORMAT = dwarf;
				ENABLE_STRICT_OBJC_MSGSEND = YES;
				ENABLE_TESTABILITY = YES;
				GCC_C_LANGUAGE_STANDARD = gnu11;
				GCC_DYNAMIC_NO_PIC = NO;
				GCC_NO_COMMON_BLOCKS = YES;
				GCC_OPTIMIZATION_LEVEL = 0;
				GCC_PREPROCESSOR_DEFINITIONS = (
					"DEBUG=1",
					"$(inherited)",
				);
				GCC_WARN_64_TO_32_BIT_CONVERSION = YES;
				GCC_WARN_ABOUT_RETURN_TYPE = YES_ERROR;
				GCC_WARN_UNDECLARED_SELECTOR = YES;
				GCC_WARN_UNINITIALIZED_AUTOS = YES_AGGRESSIVE;
				GCC_WARN_UNUSED_FUNCTION = YES;
				GCC_WARN_UNUSED_VARIABLE = YES;
				IPHONEOS_DEPLOYMENT_TARGET = 10.0;
				MTL_ENABLE_DEBUG_INFO = INCLUDE_SOURCE;
				MTL_FAST_MATH = YES;
				ONLY_ACTIVE_ARCH = YES;
				SDKROOT = iphoneos;
				SWIFT_ACTIVE_COMPILATION_CONDITIONS = DEBUG;
				SWIFT_OPTIMIZATION_LEVEL = "-Onone";
				VERSIONING_SYSTEM = "apple-generic";
				VERSION_INFO_PREFIX = "";
			};
			name = Debug;
		};
		873FC11E2235FC21008C7AB5 /* Release */ = {
			isa = XCBuildConfiguration;
			buildSettings = {
				ALWAYS_SEARCH_USER_PATHS = NO;
				CLANG_ANALYZER_NONNULL = YES;
				CLANG_ANALYZER_NUMBER_OBJECT_CONVERSION = YES_AGGRESSIVE;
				CLANG_CXX_LANGUAGE_STANDARD = "gnu++14";
				CLANG_CXX_LIBRARY = "libc++";
				CLANG_ENABLE_MODULES = YES;
				CLANG_ENABLE_OBJC_ARC = YES;
				CLANG_ENABLE_OBJC_WEAK = YES;
				CLANG_WARN_BLOCK_CAPTURE_AUTORELEASING = YES;
				CLANG_WARN_BOOL_CONVERSION = YES;
				CLANG_WARN_COMMA = YES;
				CLANG_WARN_CONSTANT_CONVERSION = YES;
				CLANG_WARN_DEPRECATED_OBJC_IMPLEMENTATIONS = YES;
				CLANG_WARN_DIRECT_OBJC_ISA_USAGE = YES_ERROR;
				CLANG_WARN_DOCUMENTATION_COMMENTS = YES;
				CLANG_WARN_EMPTY_BODY = YES;
				CLANG_WARN_ENUM_CONVERSION = YES;
				CLANG_WARN_INFINITE_RECURSION = YES;
				CLANG_WARN_INT_CONVERSION = YES;
				CLANG_WARN_NON_LITERAL_NULL_CONVERSION = YES;
				CLANG_WARN_OBJC_IMPLICIT_RETAIN_SELF = YES;
				CLANG_WARN_OBJC_LITERAL_CONVERSION = YES;
				CLANG_WARN_OBJC_ROOT_CLASS = YES_ERROR;
				CLANG_WARN_RANGE_LOOP_ANALYSIS = YES;
				CLANG_WARN_STRICT_PROTOTYPES = YES;
				CLANG_WARN_SUSPICIOUS_MOVE = YES;
				CLANG_WARN_UNGUARDED_AVAILABILITY = YES_AGGRESSIVE;
				CLANG_WARN_UNREACHABLE_CODE = YES;
				CLANG_WARN__DUPLICATE_METHOD_MATCH = YES;
				CODE_SIGN_IDENTITY = "iPhone Developer";
				COPY_PHASE_STRIP = NO;
				CURRENT_PROJECT_VERSION = 1;
				DEBUG_INFORMATION_FORMAT = "dwarf-with-dsym";
				ENABLE_NS_ASSERTIONS = NO;
				ENABLE_STRICT_OBJC_MSGSEND = YES;
				GCC_C_LANGUAGE_STANDARD = gnu11;
				GCC_NO_COMMON_BLOCKS = YES;
				GCC_WARN_64_TO_32_BIT_CONVERSION = YES;
				GCC_WARN_ABOUT_RETURN_TYPE = YES_ERROR;
				GCC_WARN_UNDECLARED_SELECTOR = YES;
				GCC_WARN_UNINITIALIZED_AUTOS = YES_AGGRESSIVE;
				GCC_WARN_UNUSED_FUNCTION = YES;
				GCC_WARN_UNUSED_VARIABLE = YES;
				IPHONEOS_DEPLOYMENT_TARGET = 10.0;
				MTL_ENABLE_DEBUG_INFO = NO;
				MTL_FAST_MATH = YES;
				SDKROOT = iphoneos;
				SWIFT_COMPILATION_MODE = wholemodule;
				SWIFT_OPTIMIZATION_LEVEL = "-O";
				VALIDATE_PRODUCT = YES;
				VERSIONING_SYSTEM = "apple-generic";
				VERSION_INFO_PREFIX = "";
			};
			name = Release;
		};
		873FC1202235FC21008C7AB5 /* Debug */ = {
			isa = XCBuildConfiguration;
			buildSettings = {
				CLANG_ENABLE_MODULES = YES;
				CODE_SIGN_IDENTITY = "iPhone Developer";
				CODE_SIGN_STYLE = Automatic;
				DEFINES_MODULE = YES;
				DEVELOPMENT_TEAM = 33ZD3P485B;
				DYLIB_COMPATIBILITY_VERSION = 1;
				DYLIB_CURRENT_VERSION = 1;
				DYLIB_INSTALL_NAME_BASE = "@rpath";
				INFOPLIST_FILE = "$(SRCROOT)/MultipeerLiveKit/Info.plist";
				INSTALL_PATH = "$(LOCAL_LIBRARY_DIR)/Frameworks";
				IPHONEOS_DEPLOYMENT_TARGET = 10.0;
				LD_RUNPATH_SEARCH_PATHS = (
					"$(inherited)",
					"@executable_path/Frameworks",
					"@loader_path/Frameworks",
				);
				PRODUCT_BUNDLE_IDENTIFIER = com.hayao.MultipeerLiveKit;
				PRODUCT_NAME = "$(TARGET_NAME:c99extidentifier)";
				PROVISIONING_PROFILE_SPECIFIER = "";
				SKIP_INSTALL = YES;
				SWIFT_OPTIMIZATION_LEVEL = "-Onone";
				SWIFT_VERSION = 4.2;
				TARGETED_DEVICE_FAMILY = "1,2";
			};
			name = Debug;
		};
		873FC1212235FC21008C7AB5 /* Release */ = {
			isa = XCBuildConfiguration;
			buildSettings = {
				CLANG_ENABLE_MODULES = YES;
				CODE_SIGN_IDENTITY = "iPhone Developer";
				CODE_SIGN_STYLE = Automatic;
				DEFINES_MODULE = YES;
				DEVELOPMENT_TEAM = 33ZD3P485B;
				DYLIB_COMPATIBILITY_VERSION = 1;
				DYLIB_CURRENT_VERSION = 1;
				DYLIB_INSTALL_NAME_BASE = "@rpath";
				INFOPLIST_FILE = "$(SRCROOT)/MultipeerLiveKit/Info.plist";
				INSTALL_PATH = "$(LOCAL_LIBRARY_DIR)/Frameworks";
				IPHONEOS_DEPLOYMENT_TARGET = 10.0;
				LD_RUNPATH_SEARCH_PATHS = (
					"$(inherited)",
					"@executable_path/Frameworks",
					"@loader_path/Frameworks",
				);
				PRODUCT_BUNDLE_IDENTIFIER = com.hayao.MultipeerLiveKit;
				PRODUCT_NAME = "$(TARGET_NAME:c99extidentifier)";
				PROVISIONING_PROFILE_SPECIFIER = "";
				SKIP_INSTALL = YES;
				SWIFT_VERSION = 4.2;
				TARGETED_DEVICE_FAMILY = "1,2";
			};
			name = Release;
		};
		87C214A522366243001E1FA2 /* Debug */ = {
			isa = XCBuildConfiguration;
			buildSettings = {
				CODE_SIGN_STYLE = Automatic;
				DEVELOPMENT_TEAM = 33ZD3P485B;
				FRAMEWORK_SEARCH_PATHS = "$(inherited)";
				INFOPLIST_FILE = MultipeerLiveKitTests/Info.plist;
				LD_RUNPATH_SEARCH_PATHS = (
					"$(inherited)",
					"@executable_path/Frameworks",
					"@loader_path/Frameworks",
				);
				PRODUCT_BUNDLE_IDENTIFIER = com.hayao.MultipeerKitTests;
				PRODUCT_NAME = "$(TARGET_NAME)";
				SWIFT_VERSION = 4.2;
				TARGETED_DEVICE_FAMILY = "1,2";
			};
			name = Debug;
		};
		87C214A622366243001E1FA2 /* Release */ = {
			isa = XCBuildConfiguration;
			buildSettings = {
				CODE_SIGN_STYLE = Automatic;
				DEVELOPMENT_TEAM = 33ZD3P485B;
				FRAMEWORK_SEARCH_PATHS = "$(inherited)";
				INFOPLIST_FILE = MultipeerLiveKitTests/Info.plist;
				LD_RUNPATH_SEARCH_PATHS = (
					"$(inherited)",
					"@executable_path/Frameworks",
					"@loader_path/Frameworks",
				);
				PRODUCT_BUNDLE_IDENTIFIER = com.hayao.MultipeerKitTests;
				PRODUCT_NAME = "$(TARGET_NAME)";
				SWIFT_VERSION = 4.2;
				TARGETED_DEVICE_FAMILY = "1,2";
			};
			name = Release;
		};
/* End XCBuildConfiguration section */

/* Begin XCConfigurationList section */
		873FC1112235FC21008C7AB5 /* Build configuration list for PBXProject "MultipeerLiveKit" */ = {
			isa = XCConfigurationList;
			buildConfigurations = (
				873FC11D2235FC21008C7AB5 /* Debug */,
				873FC11E2235FC21008C7AB5 /* Release */,
			);
			defaultConfigurationIsVisible = 0;
			defaultConfigurationName = Release;
		};
		873FC11F2235FC21008C7AB5 /* Build configuration list for PBXNativeTarget "MultipeerLiveKit" */ = {
			isa = XCConfigurationList;
			buildConfigurations = (
				873FC1202235FC21008C7AB5 /* Debug */,
				873FC1212235FC21008C7AB5 /* Release */,
			);
			defaultConfigurationIsVisible = 0;
			defaultConfigurationName = Release;
		};
		87C214A822366243001E1FA2 /* Build configuration list for PBXNativeTarget "MultipeerLiveKitTests" */ = {
			isa = XCConfigurationList;
			buildConfigurations = (
				87C214A522366243001E1FA2 /* Debug */,
				87C214A622366243001E1FA2 /* Release */,
			);
			defaultConfigurationIsVisible = 0;
			defaultConfigurationName = Release;
		};
/* End XCConfigurationList section */
	};
	rootObject = 873FC10E2235FC21008C7AB5 /* Project object */;
}
